
Microsoft Visual Studio Solution File, Format Version 12.00
# Visual Studio 15
VisualStudioVersion = 15.0.26228.9
MinimumVisualStudioVersion = 10.0.40219.1
Project("{FAE04EC0-301F-11D3-BF4B-00C04F79EFBC}") = "FuzzySortPlayground", "FuzzySortPlayground\FuzzySortPlayground.csproj", "{4BDC32CD-0E40-4142-A5C4-6B06F0371C60}"
EndProject
Global
	GlobalSection(SolutionConfigurationPlatforms) = preSolution
		Debug|Any CPU = Debug|Any CPU
		Release|Any CPU = Release|Any CPU
	EndGlobalSection
	GlobalSection(ProjectConfigurationPlatforms) = postSolution
		{4BDC32CD-0E40-4142-A5C4-6B06F0371C60}.Debug|Any CPU.ActiveCfg = Debug|Any CPU
		{4BDC32CD-0E40-4142-A5C4-6B06F0371C60}.Debug|Any CPU.Build.0 = Debug|Any CPU
		{4BDC32CD-0E40-4142-A5C4-6B06F0371C60}.Release|Any CPU.ActiveCfg = Release|Any CPU
		{4BDC32CD-0E40-4142-A5C4-6B06F0371C60}.Release|Any CPU.Build.0 = Release|Any CPU
	EndGlobalSection
	GlobalSection(SolutionProperties) = preSolution
		HideSolutionNode = FALSE
	EndGlobalSection
EndGlobal
