
Microsoft Visual Studio Solution File, Format Version 12.00
# Visual Studio 15
VisualStudioVersion = 15.0.26403.0
MinimumVisualStudioVersion = 10.0.40219.1
Project("{FAE04EC0-301F-11D3-BF4B-00C04F79EFBC}") = "FuzzySortPlayground", "FuzzySortPlayground\FuzzySortPlayground.csproj", "{4BDC32CD-0E40-4142-A5C4-6B06F0371C60}"
EndProject
Project("{9A19103F-16F7-4668-BE54-9A1E7A4F7556}") = "FuzzySortLib", "..\FuzzySortLib\FuzzySortLib\FuzzySortLib.csproj", "{EC805A0A-8AEF-49FD-ADB5-5D978003A650}"
EndProject
Project("{FAE04EC0-301F-11D3-BF4B-00C04F79EFBC}") = "FuzzySortTest", "..\FuzzySortLib\FuzzySortTest\FuzzySortTest.csproj", "{AF1F11AD-B264-4456-A71F-2932AF5C0212}"
EndProject
Global
	GlobalSection(SolutionConfigurationPlatforms) = preSolution
		Debug|Any CPU = Debug|Any CPU
		Release|Any CPU = Release|Any CPU
	EndGlobalSection
	GlobalSection(ProjectConfigurationPlatforms) = postSolution
		{4BDC32CD-0E40-4142-A5C4-6B06F0371C60}.Debug|Any CPU.ActiveCfg = Debug|Any CPU
		{4BDC32CD-0E40-4142-A5C4-6B06F0371C60}.Debug|Any CPU.Build.0 = Debug|Any CPU
		{4BDC32CD-0E40-4142-A5C4-6B06F0371C60}.Release|Any CPU.ActiveCfg = Release|Any CPU
		{4BDC32CD-0E40-4142-A5C4-6B06F0371C60}.Release|Any CPU.Build.0 = Release|Any CPU
		{EC805A0A-8AEF-49FD-ADB5-5D978003A650}.Debug|Any CPU.ActiveCfg = Debug|Any CPU
		{EC805A0A-8AEF-49FD-ADB5-5D978003A650}.Debug|Any CPU.Build.0 = Debug|Any CPU
		{EC805A0A-8AEF-49FD-ADB5-5D978003A650}.Release|Any CPU.ActiveCfg = Release|Any CPU
		{EC805A0A-8AEF-49FD-ADB5-5D978003A650}.Release|Any CPU.Build.0 = Release|Any CPU
		{AF1F11AD-B264-4456-A71F-2932AF5C0212}.Debug|Any CPU.ActiveCfg = Debug|Any CPU
		{AF1F11AD-B264-4456-A71F-2932AF5C0212}.Debug|Any CPU.Build.0 = Debug|Any CPU
		{AF1F11AD-B264-4456-A71F-2932AF5C0212}.Release|Any CPU.ActiveCfg = Release|Any CPU
		{AF1F11AD-B264-4456-A71F-2932AF5C0212}.Release|Any CPU.Build.0 = Release|Any CPU
	EndGlobalSection
	GlobalSection(SolutionProperties) = preSolution
		HideSolutionNode = FALSE
	EndGlobalSection
EndGlobal
